# THIS IS AN AUTOGENERATED FILE. DO NOT EDIT THIS FILE DIRECTLY.
# yarn lockfile v1


benchmark@^2.1.4:
  version "2.1.4"
  resolved "https://registry.yarnpkg.com/benchmark/-/benchmark-2.1.4.tgz#09f3de31c916425d498cc2ee565a0ebf3c2a5629"
  dependencies:
    lodash "^4.17.4"
    platform "^1.3.3"

dot-prop-immutable@^1.3.1:
  version "1.3.1"
  resolved "https://registry.yarnpkg.com/dot-prop-immutable/-/dot-prop-immutable-1.3.1.tgz#100c0cb3be66158f6f1350440594960d8cc2c718"

lodash@^4.17.4:
  version "4.17.4"
  resolved "https://registry.yarnpkg.com/lodash/-/lodash-4.17.4.tgz#78203a4d1c328ae1d86dca6460e369b57f4055ae"

platform@^1.3.3:
  version "1.3.4"
  resolved "https://registry.yarnpkg.com/platform/-/platform-1.3.4.tgz#6f0fb17edaaa48f21442b3a975c063130f1c3ebd"

stateware@^2.0.0:
  version "2.0.0"
  resolved "https://registry.yarnpkg.com/stateware/-/stateware-2.0.0.tgz#499d28f7f56b6fa206c7ea264a9d128001c77e03"
